// !$*UTF8*$!
{
	archiveVersion = 1;
	classes = {
	};
	objectVersion = 56;
	objects = {

/* Begin PBXBuildFile section */
		5B907B0B2BD1E72100237CCA /* APIViewModel.swift in Sources */ = {isa = PBXBuildFile; fileRef = 5B907B0A2BD1E72100237CCA /* APIViewModel.swift */; };
		5B907B0D2BD1E93E00237CCA /* AddSystemView.swift in Sources */ = {isa = PBXBuildFile; fileRef = 5B907B0C2BD1E93E00237CCA /* AddSystemView.swift */; };
		5BA9B7422BD1E5D500DC80A7 /* APIApp.swift in Sources */ = {isa = PBXBuildFile; fileRef = 5BA9B7412BD1E5D500DC80A7 /* APIApp.swift */; };
		5BA9B7442BD1E5D500DC80A7 /* ContentView.swift in Sources */ = {isa = PBXBuildFile; fileRef = 5BA9B7432BD1E5D500DC80A7 /* ContentView.swift */; };
		5BA9B7462BD1E5D600DC80A7 /* Assets.xcassets in Resources */ = {isa = PBXBuildFile; fileRef = 5BA9B7452BD1E5D600DC80A7 /* Assets.xcassets */; };
		5BA9B74A2BD1E5D700DC80A7 /* Preview Assets.xcassets in Resources */ = {isa = PBXBuildFile; fileRef = 5BA9B7492BD1E5D700DC80A7 /* Preview Assets.xcassets */; };
		5BA9B7542BD1E5D700DC80A7 /* APITests.swift in Sources */ = {isa = PBXBuildFile; fileRef = 5BA9B7532BD1E5D700DC80A7 /* APITests.swift */; };
		5BA9B75E2BD1E5D700DC80A7 /* APIUITests.swift in Sources */ = {isa = PBXBuildFile; fileRef = 5BA9B75D2BD1E5D700DC80A7 /* APIUITests.swift */; };
		5BA9B7602BD1E5D700DC80A7 /* APIUITestsLaunchTests.swift in Sources */ = {isa = PBXBuildFile; fileRef = 5BA9B75F2BD1E5D700DC80A7 /* APIUITestsLaunchTests.swift */; };
/* End PBXBuildFile section */

/* Begin PBXContainerItemProxy section */
		5BA9B7502BD1E5D700DC80A7 /* PBXContainerItemProxy */ = {
			isa = PBXContainerItemProxy;
			containerPortal = 5BA9B7362BD1E5D500DC80A7 /* Project object */;
			proxyType = 1;
			remoteGlobalIDString = 5BA9B73D2BD1E5D500DC80A7;
			remoteInfo = API;
		};
		5BA9B75A2BD1E5D700DC80A7 /* PBXContainerItemProxy */ = {
			isa = PBXContainerItemProxy;
			containerPortal = 5BA9B7362BD1E5D500DC80A7 /* Project object */;
			proxyType = 1;
			remoteGlobalIDString = 5BA9B73D2BD1E5D500DC80A7;
			remoteInfo = API;
		};
/* End PBXContainerItemProxy section */

/* Begin PBXFileReference section */
		5B907B0A2BD1E72100237CCA /* APIViewModel.swift */ = {isa = PBXFileReference; lastKnownFileType = sourcecode.swift; path = APIViewModel.swift; sourceTree = "<group>"; };
		5B907B0C2BD1E93E00237CCA /* AddSystemView.swift */ = {isa = PBXFileReference; lastKnownFileType = sourcecode.swift; path = AddSystemView.swift; sourceTree = "<group>"; };
		5BA9B73E2BD1E5D500DC80A7 /* API.app */ = {isa = PBXFileReference; explicitFileType = wrapper.application; includeInIndex = 0; path = API.app; sourceTree = BUILT_PRODUCTS_DIR; };
		5BA9B7412BD1E5D500DC80A7 /* APIApp.swift */ = {isa = PBXFileReference; lastKnownFileType = sourcecode.swift; path = APIApp.swift; sourceTree = "<group>"; };
		5BA9B7432BD1E5D500DC80A7 /* ContentView.swift */ = {isa = PBXFileReference; lastKnownFileType = sourcecode.swift; path = ContentView.swift; sourceTree = "<group>"; };
		5BA9B7452BD1E5D600DC80A7 /* Assets.xcassets */ = {isa = PBXFileReference; lastKnownFileType = folder.assetcatalog; path = Assets.xcassets; sourceTree = "<group>"; };
		5BA9B7472BD1E5D700DC80A7 /* API.entitlements */ = {isa = PBXFileReference; lastKnownFileType = text.plist.entitlements; path = API.entitlements; sourceTree = "<group>"; };
		5BA9B7492BD1E5D700DC80A7 /* Preview Assets.xcassets */ = {isa = PBXFileReference; lastKnownFileType = folder.assetcatalog; path = "Preview Assets.xcassets"; sourceTree = "<group>"; };
		5BA9B74F2BD1E5D700DC80A7 /* APITests.xctest */ = {isa = PBXFileReference; explicitFileType = wrapper.cfbundle; includeInIndex = 0; path = APITests.xctest; sourceTree = BUILT_PRODUCTS_DIR; };
		5BA9B7532BD1E5D700DC80A7 /* APITests.swift */ = {isa = PBXFileReference; lastKnownFileType = sourcecode.swift; path = APITests.swift; sourceTree = "<group>"; };
		5BA9B7592BD1E5D700DC80A7 /* APIUITests.xctest */ = {isa = PBXFileReference; explicitFileType = wrapper.cfbundle; includeInIndex = 0; path = APIUITests.xctest; sourceTree = BUILT_PRODUCTS_DIR; };
		5BA9B75D2BD1E5D700DC80A7 /* APIUITests.swift */ = {isa = PBXFileReference; lastKnownFileType = sourcecode.swift; path = APIUITests.swift; sourceTree = "<group>"; };
		5BA9B75F2BD1E5D700DC80A7 /* APIUITestsLaunchTests.swift */ = {isa = PBXFileReference; lastKnownFileType = sourcecode.swift; path = APIUITestsLaunchTests.swift; sourceTree = "<group>"; };
/* End PBXFileReference section */

/* Begin PBXFrameworksBuildPhase section */
		5BA9B73B2BD1E5D500DC80A7 /* Frameworks */ = {
			isa = PBXFrameworksBuildPhase;
			buildActionMask = 2147483647;
			files = (
			);
			runOnlyForDeploymentPostprocessing = 0;
		};
		5BA9B74C2BD1E5D700DC80A7 /* Frameworks */ = {
			isa = PBXFrameworksBuildPhase;
			buildActionMask = 2147483647;
			files = (
			);
			runOnlyForDeploymentPostprocessing = 0;
		};
		5BA9B7562BD1E5D700DC80A7 /* Frameworks */ = {
			isa = PBXFrameworksBuildPhase;
			buildActionMask = 2147483647;
			files = (
			);
			runOnlyForDeploymentPostprocessing = 0;
		};
/* End PBXFrameworksBuildPhase section */

/* Begin PBXGroup section */
		5BA9B7352BD1E5D500DC80A7 = {
			isa = PBXGroup;
			children = (
				5BA9B7402BD1E5D500DC80A7 /* API */,
				5BA9B7522BD1E5D700DC80A7 /* APITests */,
				5BA9B75C2BD1E5D700DC80A7 /* APIUITests */,
				5BA9B73F2BD1E5D500DC80A7 /* Products */,
			);
			sourceTree = "<group>";
		};
		5BA9B73F2BD1E5D500DC80A7 /* Products */ = {
			isa = PBXGroup;
			children = (
				5BA9B73E2BD1E5D500DC80A7 /* API.app */,
				5BA9B74F2BD1E5D700DC80A7 /* APITests.xctest */,
				5BA9B7592BD1E5D700DC80A7 /* APIUITests.xctest */,
			);
			name = Products;
			sourceTree = "<group>";
		};
		5BA9B7402BD1E5D500DC80A7 /* API */ = {
			isa = PBXGroup;
			children = (
				5BA9B7412BD1E5D500DC80A7 /* APIApp.swift */,
				5BA9B7432BD1E5D500DC80A7 /* ContentView.swift */,
				5B907B0A2BD1E72100237CCA /* APIViewModel.swift */,
				5B907B0C2BD1E93E00237CCA /* AddSystemView.swift */,
				5BA9B7452BD1E5D600DC80A7 /* Assets.xcassets */,
				5BA9B7472BD1E5D700DC80A7 /* API.entitlements */,
				5BA9B7482BD1E5D700DC80A7 /* Preview Content */,
			);
			path = API;
			sourceTree = "<group>";
		};
		5BA9B7482BD1E5D700DC80A7 /* Preview Content */ = {
			isa = PBXGroup;
			children = (
				5BA9B7492BD1E5D700DC80A7 /* Preview Assets.xcassets */,
			);
			path = "Preview Content";
			sourceTree = "<group>";
		};
		5BA9B7522BD1E5D700DC80A7 /* APITests */ = {
			isa = PBXGroup;
			children = (
				5BA9B7532BD1E5D700DC80A7 /* APITests.swift */,
			);
			path = APITests;
			sourceTree = "<group>";
		};
		5BA9B75C2BD1E5D700DC80A7 /* APIUITests */ = {
			isa = PBXGroup;
			children = (
				5BA9B75D2BD1E5D700DC80A7 /* APIUITests.swift */,
				5BA9B75F2BD1E5D700DC80A7 /* APIUITestsLaunchTests.swift */,
			);
			path = APIUITests;
			sourceTree = "<group>";
		};
/* End PBXGroup section */

/* Begin PBXNativeTarget section */
		5BA9B73D2BD1E5D500DC80A7 /* API */ = {
			isa = PBXNativeTarget;
			buildConfigurationList = 5BA9B7632BD1E5D700DC80A7 /* Build configuration list for PBXNativeTarget "API" */;
			buildPhases = (
				5BA9B73A2BD1E5D500DC80A7 /* Sources */,
				5BA9B73B2BD1E5D500DC80A7 /* Frameworks */,
				5BA9B73C2BD1E5D500DC80A7 /* Resources */,
			);
			buildRules = (
			);
			dependencies = (
			);
			name = API;
			productName = API;
			productReference = 5BA9B73E2BD1E5D500DC80A7 /* API.app */;
			productType = "com.apple.product-type.application";
		};
		5BA9B74E2BD1E5D700DC80A7 /* APITests */ = {
			isa = PBXNativeTarget;
			buildConfigurationList = 5BA9B7662BD1E5D700DC80A7 /* Build configuration list for PBXNativeTarget "APITests" */;
			buildPhases = (
				5BA9B74B2BD1E5D700DC80A7 /* Sources */,
				5BA9B74C2BD1E5D700DC80A7 /* Frameworks */,
				5BA9B74D2BD1E5D700DC80A7 /* Resources */,
			);
			buildRules = (
			);
			dependencies = (
				5BA9B7512BD1E5D700DC80A7 /* PBXTargetDependency */,
			);
			name = APITests;
			productName = APITests;
			productReference = 5BA9B74F2BD1E5D700DC80A7 /* APITests.xctest */;
			productType = "com.apple.product-type.bundle.unit-test";
		};
		5BA9B7582BD1E5D700DC80A7 /* APIUITests */ = {
			isa = PBXNativeTarget;
			buildConfigurationList = 5BA9B7692BD1E5D700DC80A7 /* Build configuration list for PBXNativeTarget "APIUITests" */;
			buildPhases = (
				5BA9B7552BD1E5D700DC80A7 /* Sources */,
				5BA9B7562BD1E5D700DC80A7 /* Frameworks */,
				5BA9B7572BD1E5D700DC80A7 /* Resources */,
			);
			buildRules = (
			);
			dependencies = (
				5BA9B75B2BD1E5D700DC80A7 /* PBXTargetDependency */,
			);
			name = APIUITests;
			productName = APIUITests;
			productReference = 5BA9B7592BD1E5D700DC80A7 /* APIUITests.xctest */;
			productType = "com.apple.product-type.bundle.ui-testing";
		};
/* End PBXNativeTarget section */

/* Begin PBXProject section */
		5BA9B7362BD1E5D500DC80A7 /* Project object */ = {
			isa = PBXProject;
			attributes = {
				BuildIndependentTargetsInParallel = 1;
				LastSwiftUpdateCheck = 1530;
				LastUpgradeCheck = 1530;
				TargetAttributes = {
					5BA9B73D2BD1E5D500DC80A7 = {
						CreatedOnToolsVersion = 15.3;
					};
					5BA9B74E2BD1E5D700DC80A7 = {
						CreatedOnToolsVersion = 15.3;
						TestTargetID = 5BA9B73D2BD1E5D500DC80A7;
					};
					5BA9B7582BD1E5D700DC80A7 = {
						CreatedOnToolsVersion = 15.3;
						TestTargetID = 5BA9B73D2BD1E5D500DC80A7;
					};
				};
			};
			buildConfigurationList = 5BA9B7392BD1E5D500DC80A7 /* Build configuration list for PBXProject "API" */;
			compatibilityVersion = "Xcode 14.0";
			developmentRegion = en;
			hasScannedForEncodings = 0;
			knownRegions = (
				en,
				Base,
			);
			mainGroup = 5BA9B7352BD1E5D500DC80A7;
			productRefGroup = 5BA9B73F2BD1E5D500DC80A7 /* Products */;
			projectDirPath = "";
			projectRoot = "";
			targets = (
				5BA9B73D2BD1E5D500DC80A7 /* API */,
				5BA9B74E2BD1E5D700DC80A7 /* APITests */,
				5BA9B7582BD1E5D700DC80A7 /* APIUITests */,
			);
		};
/* End PBXProject section */

/* Begin PBXResourcesBuildPhase section */
		5BA9B73C2BD1E5D500DC80A7 /* Resources */ = {
			isa = PBXResourcesBuildPhase;
			buildActionMask = 2147483647;
			files = (
				5BA9B74A2BD1E5D700DC80A7 /* Preview Assets.xcassets in Resources */,
				5BA9B7462BD1E5D600DC80A7 /* Assets.xcassets in Resources */,
			);
			runOnlyForDeploymentPostprocessing = 0;
		};
		5BA9B74D2BD1E5D700DC80A7 /* Resources */ = {
			isa = PBXResourcesBuildPhase;
			buildActionMask = 2147483647;
			files = (
			);
			runOnlyForDeploymentPostprocessing = 0;
		};
		5BA9B7572BD1E5D700DC80A7 /* Resources */ = {
			isa = PBXResourcesBuildPhase;
			buildActionMask = 2147483647;
			files = (
			);
			runOnlyForDeploymentPostprocessing = 0;
		};
/* End PBXResourcesBuildPhase section */

/* Begin PBXSourcesBuildPhase section */
		5BA9B73A2BD1E5D500DC80A7 /* Sources */ = {
			isa = PBXSourcesBuildPhase;
			buildActionMask = 2147483647;
			files = (
				5B907B0B2BD1E72100237CCA /* APIViewModel.swift in Sources */,
				5BA9B7442BD1E5D500DC80A7 /* ContentView.swift in Sources */,
				5BA9B7422BD1E5D500DC80A7 /* APIApp.swift in Sources */,
				5B907B0D2BD1E93E00237CCA /* AddSystemView.swift in Sources */,
			);
			runOnlyForDeploymentPostprocessing = 0;
		};
		5BA9B74B2BD1E5D700DC80A7 /* Sources */ = {
			isa = PBXSourcesBuildPhase;
			buildActionMask = 2147483647;
			files = (
				5BA9B7542BD1E5D700DC80A7 /* APITests.swift in Sources */,
			);
			runOnlyForDeploymentPostprocessing = 0;
		};
		5BA9B7552BD1E5D700DC80A7 /* Sources */ = {
			isa = PBXSourcesBuildPhase;
			buildActionMask = 2147483647;
			files = (
				5BA9B75E2BD1E5D700DC80A7 /* APIUITests.swift in Sources */,
				5BA9B7602BD1E5D700DC80A7 /* APIUITestsLaunchTests.swift in Sources */,
			);
			runOnlyForDeploymentPostprocessing = 0;
		};
/* End PBXSourcesBuildPhase section */

/* Begin PBXTargetDependency section */
		5BA9B7512BD1E5D700DC80A7 /* PBXTargetDependency */ = {
			isa = PBXTargetDependency;
			target = 5BA9B73D2BD1E5D500DC80A7 /* API */;
			targetProxy = 5BA9B7502BD1E5D700DC80A7 /* PBXContainerItemProxy */;
		};
		5BA9B75B2BD1E5D700DC80A7 /* PBXTargetDependency */ = {
			isa = PBXTargetDependency;
			target = 5BA9B73D2BD1E5D500DC80A7 /* API */;
			targetProxy = 5BA9B75A2BD1E5D700DC80A7 /* PBXContainerItemProxy */;
		};
/* End PBXTargetDependency section */

/* Begin XCBuildConfiguration section */
		5BA9B7612BD1E5D700DC80A7 /* Debug */ = {
			isa = XCBuildConfiguration;
			buildSettings = {
				ALWAYS_SEARCH_USER_PATHS = NO;
				ASSETCATALOG_COMPILER_GENERATE_SWIFT_ASSET_SYMBOL_EXTENSIONS = YES;
				CLANG_ANALYZER_NONNULL = YES;
				CLANG_ANALYZER_NUMBER_OBJECT_CONVERSION = YES_AGGRESSIVE;
				CLANG_CXX_LANGUAGE_STANDARD = "gnu++20";
				CLANG_ENABLE_MODULES = YES;
				CLANG_ENABLE_OBJC_ARC = YES;
				CLANG_ENABLE_OBJC_WEAK = YES;
				CLANG_WARN_BLOCK_CAPTURE_AUTORELEASING = YES;
				CLANG_WARN_BOOL_CONVERSION = YES;
				CLANG_WARN_COMMA = YES;
				CLANG_WARN_CONSTANT_CONVERSION = YES;
				CLANG_WARN_DEPRECATED_OBJC_IMPLEMENTATIONS = YES;
				CLANG_WARN_DIRECT_OBJC_ISA_USAGE = YES_ERROR;
				CLANG_WARN_DOCUMENTATION_COMMENTS = YES;
				CLANG_WARN_EMPTY_BODY = YES;
				CLANG_WARN_ENUM_CONVERSION = YES;
				CLANG_WARN_INFINITE_RECURSION = YES;
				CLANG_WARN_INT_CONVERSION = YES;
				CLANG_WARN_NON_LITERAL_NULL_CONVERSION = YES;
				CLANG_WARN_OBJC_IMPLICIT_RETAIN_SELF = YES;
				CLANG_WARN_OBJC_LITERAL_CONVERSION = YES;
				CLANG_WARN_OBJC_ROOT_CLASS = YES_ERROR;
				CLANG_WARN_QUOTED_INCLUDE_IN_FRAMEWORK_HEADER = YES;
				CLANG_WARN_RANGE_LOOP_ANALYSIS = YES;
				CLANG_WARN_STRICT_PROTOTYPES = YES;
				CLANG_WARN_SUSPICIOUS_MOVE = YES;
				CLANG_WARN_UNGUARDED_AVAILABILITY = YES_AGGRESSIVE;
				CLANG_WARN_UNREACHABLE_CODE = YES;
				CLANG_WARN__DUPLICATE_METHOD_MATCH = YES;
				COPY_PHASE_STRIP = NO;
				DEBUG_INFORMATION_FORMAT = dwarf;
				ENABLE_STRICT_OBJC_MSGSEND = YES;
				ENABLE_TESTABILITY = YES;
				ENABLE_USER_SCRIPT_SANDBOXING = YES;
				GCC_C_LANGUAGE_STANDARD = gnu17;
				GCC_DYNAMIC_NO_PIC = NO;
				GCC_NO_COMMON_BLOCKS = YES;
				GCC_OPTIMIZATION_LEVEL = 0;
				GCC_PREPROCESSOR_DEFINITIONS = (
					"DEBUG=1",
					"$(inherited)",
				);
				GCC_WARN_64_TO_32_BIT_CONVERSION = YES;
				GCC_WARN_ABOUT_RETURN_TYPE = YES_ERROR;
				GCC_WARN_UNDECLARED_SELECTOR = YES;
				GCC_WARN_UNINITIALIZED_AUTOS = YES_AGGRESSIVE;
				GCC_WARN_UNUSED_FUNCTION = YES;
				GCC_WARN_UNUSED_VARIABLE = YES;
				LOCALIZATION_PREFERS_STRING_CATALOGS = YES;
				MTL_ENABLE_DEBUG_INFO = INCLUDE_SOURCE;
				MTL_FAST_MATH = YES;
				ONLY_ACTIVE_ARCH = YES;
				SWIFT_ACTIVE_COMPILATION_CONDITIONS = "DEBUG $(inherited)";
				SWIFT_OPTIMIZATION_LEVEL = "-Onone";
			};
			name = Debug;
		};
		5BA9B7622BD1E5D700DC80A7 /* Release */ = {
			isa = XCBuildConfiguration;
			buildSettings = {
				ALWAYS_SEARCH_USER_PATHS = NO;
				ASSETCATALOG_COMPILER_GENERATE_SWIFT_ASSET_SYMBOL_EXTENSIONS = YES;
				CLANG_ANALYZER_NONNULL = YES;
				CLANG_ANALYZER_NUMBER_OBJECT_CONVERSION = YES_AGGRESSIVE;
				CLANG_CXX_LANGUAGE_STANDARD = "gnu++20";
				CLANG_ENABLE_MODULES = YES;
				CLANG_ENABLE_OBJC_ARC = YES;
				CLANG_ENABLE_OBJC_WEAK = YES;
				CLANG_WARN_BLOCK_CAPTURE_AUTORELEASING = YES;
				CLANG_WARN_BOOL_CONVERSION = YES;
				CLANG_WARN_COMMA = YES;
				CLANG_WARN_CONSTANT_CONVERSION = YES;
				CLANG_WARN_DEPRECATED_OBJC_IMPLEMENTATIONS = YES;
				CLANG_WARN_DIRECT_OBJC_ISA_USAGE = YES_ERROR;
				CLANG_WARN_DOCUMENTATION_COMMENTS = YES;
				CLANG_WARN_EMPTY_BODY = YES;
				CLANG_WARN_ENUM_CONVERSION = YES;
				CLANG_WARN_INFINITE_RECURSION = YES;
				CLANG_WARN_INT_CONVERSION = YES;
				CLANG_WARN_NON_LITERAL_NULL_CONVERSION = YES;
				CLANG_WARN_OBJC_IMPLICIT_RETAIN_SELF = YES;
				CLANG_WARN_OBJC_LITERAL_CONVERSION = YES;
				CLANG_WARN_OBJC_ROOT_CLASS = YES_ERROR;
				CLANG_WARN_QUOTED_INCLUDE_IN_FRAMEWORK_HEADER = YES;
				CLANG_WARN_RANGE_LOOP_ANALYSIS = YES;
				CLANG_WARN_STRICT_PROTOTYPES = YES;
				CLANG_WARN_SUSPICIOUS_MOVE = YES;
				CLANG_WARN_UNGUARDED_AVAILABILITY = YES_AGGRESSIVE;
				CLANG_WARN_UNREACHABLE_CODE = YES;
				CLANG_WARN__DUPLICATE_METHOD_MATCH = YES;
				COPY_PHASE_STRIP = NO;
				DEBUG_INFORMATION_FORMAT = "dwarf-with-dsym";
				ENABLE_NS_ASSERTIONS = NO;
				ENABLE_STRICT_OBJC_MSGSEND = YES;
				ENABLE_USER_SCRIPT_SANDBOXING = YES;
				GCC_C_LANGUAGE_STANDARD = gnu17;
				GCC_NO_COMMON_BLOCKS = YES;
				GCC_WARN_64_TO_32_BIT_CONVERSION = YES;
				GCC_WARN_ABOUT_RETURN_TYPE = YES_ERROR;
				GCC_WARN_UNDECLARED_SELECTOR = YES;
				GCC_WARN_UNINITIALIZED_AUTOS = YES_AGGRESSIVE;
				GCC_WARN_UNUSED_FUNCTION = YES;
				GCC_WARN_UNUSED_VARIABLE = YES;
				LOCALIZATION_PREFERS_STRING_CATALOGS = YES;
				MTL_ENABLE_DEBUG_INFO = NO;
				MTL_FAST_MATH = YES;
				SWIFT_COMPILATION_MODE = wholemodule;
			};
			name = Release;
		};
		5BA9B7642BD1E5D700DC80A7 /* Debug */ = {
			isa = XCBuildConfiguration;
			buildSettings = {
				ASSETCATALOG_COMPILER_APPICON_NAME = AppIcon;
				ASSETCATALOG_COMPILER_GLOBAL_ACCENT_COLOR_NAME = AccentColor;
				CODE_SIGN_ENTITLEMENTS = API/API.entitlements;
				CODE_SIGN_STYLE = Automatic;
				CURRENT_PROJECT_VERSION = 1;
				DEVELOPMENT_ASSET_PATHS = "\"API/Preview Content\"";
				DEVELOPMENT_TEAM = 7735KM3KGX;
				ENABLE_HARDENED_RUNTIME = YES;
				ENABLE_PREVIEWS = YES;
				GENERATE_INFOPLIST_FILE = YES;
				"INFOPLIST_KEY_UIApplicationSceneManifest_Generation[sdk=iphoneos*]" = YES;
				"INFOPLIST_KEY_UIApplicationSceneManifest_Generation[sdk=iphonesimulator*]" = YES;
				"INFOPLIST_KEY_UIApplicationSupportsIndirectInputEvents[sdk=iphoneos*]" = YES;
				"INFOPLIST_KEY_UIApplicationSupportsIndirectInputEvents[sdk=iphonesimulator*]" = YES;
				"INFOPLIST_KEY_UILaunchScreen_Generation[sdk=iphoneos*]" = YES;
				"INFOPLIST_KEY_UILaunchScreen_Generation[sdk=iphonesimulator*]" = YES;
				"INFOPLIST_KEY_UIStatusBarStyle[sdk=iphoneos*]" = UIStatusBarStyleDefault;
				"INFOPLIST_KEY_UIStatusBarStyle[sdk=iphonesimulator*]" = UIStatusBarStyleDefault;
				INFOPLIST_KEY_UISupportedInterfaceOrientations_iPad = "UIInterfaceOrientationPortrait UIInterfaceOrientationPortraitUpsideDown UIInterfaceOrientationLandscapeLeft UIInterfaceOrientationLandscapeRight";
				INFOPLIST_KEY_UISupportedInterfaceOrientations_iPhone = "UIInterfaceOrientationPortrait UIInterfaceOrientationLandscapeLeft UIInterfaceOrientationLandscapeRight";
				IPHONEOS_DEPLOYMENT_TARGET = 17.4;
				LD_RUNPATH_SEARCH_PATHS = "@executable_path/Frameworks";
				"LD_RUNPATH_SEARCH_PATHS[sdk=macosx*]" = "@executable_path/../Frameworks";
				MACOSX_DEPLOYMENT_TARGET = 14.3;
				MARKETING_VERSION = 1.0;
				PRODUCT_BUNDLE_IDENTIFIER = eam.API;
				PRODUCT_NAME = "$(TARGET_NAME)";
				SDKROOT = auto;
				SUPPORTED_PLATFORMS = "iphoneos iphonesimulator macosx";
				SWIFT_EMIT_LOC_STRINGS = YES;
				SWIFT_VERSION = 5.0;
				TARGETED_DEVICE_FAMILY = "1,2";
			};
			name = Debug;
		};
		5BA9B7652BD1E5D700DC80A7 /* Release */ = {
			isa = XCBuildConfiguration;
			buildSettings = {
				ASSETCATALOG_COMPILER_APPICON_NAME = AppIcon;
				ASSETCATALOG_COMPILER_GLOBAL_ACCENT_COLOR_NAME = AccentColor;
				CODE_SIGN_ENTITLEMENTS = API/API.entitlements;
				CODE_SIGN_STYLE = Automatic;
				CURRENT_PROJECT_VERSION = 1;
				DEVELOPMENT_ASSET_PATHS = "\"API/Preview Content\"";
				DEVELOPMENT_TEAM = 7735KM3KGX;
				ENABLE_HARDENED_RUNTIME = YES;
				ENABLE_PREVIEWS = YES;
				GENERATE_INFOPLIST_FILE = YES;
				"INFOPLIST_KEY_UIApplicationSceneManifest_Generation[sdk=iphoneos*]" = YES;
				"INFOPLIST_KEY_UIApplicationSceneManifest_Generation[sdk=iphonesimulator*]" = YES;
				"INFOPLIST_KEY_UIApplicationSupportsIndirectInputEvents[sdk=iphoneos*]" = YES;
				"INFOPLIST_KEY_UIApplicationSupportsIndirectInputEvents[sdk=iphonesimulator*]" = YES;
				"INFOPLIST_KEY_UILaunchScreen_Generation[sdk=iphoneos*]" = YES;
				"INFOPLIST_KEY_UILaunchScreen_Generation[sdk=iphonesimulator*]" = YES;
				"INFOPLIST_KEY_UIStatusBarStyle[sdk=iphoneos*]" = UIStatusBarStyleDefault;
				"INFOPLIST_KEY_UIStatusBarStyle[sdk=iphonesimulator*]" = UIStatusBarStyleDefault;
				INFOPLIST_KEY_UISupportedInterfaceOrientations_iPad = "UIInterfaceOrientationPortrait UIInterfaceOrientationPortraitUpsideDown UIInterfaceOrientationLandscapeLeft UIInterfaceOrientationLandscapeRight";
				INFOPLIST_KEY_UISupportedInterfaceOrientations_iPhone = "UIInterfaceOrientationPortrait UIInterfaceOrientationLandscapeLeft UIInterfaceOrientationLandscapeRight";
				IPHONEOS_DEPLOYMENT_TARGET = 17.4;
				LD_RUNPATH_SEARCH_PATHS = "@executable_path/Frameworks";
				"LD_RUNPATH_SEARCH_PATHS[sdk=macosx*]" = "@executable_path/../Frameworks";
				MACOSX_DEPLOYMENT_TARGET = 14.3;
				MARKETING_VERSION = 1.0;
				PRODUCT_BUNDLE_IDENTIFIER = eam.API;
				PRODUCT_NAME = "$(TARGET_NAME)";
				SDKROOT = auto;
				SUPPORTED_PLATFORMS = "iphoneos iphonesimulator macosx";
				SWIFT_EMIT_LOC_STRINGS = YES;
				SWIFT_VERSION = 5.0;
				TARGETED_DEVICE_FAMILY = "1,2";
			};
			name = Release;
		};
		5BA9B7672BD1E5D700DC80A7 /* Debug */ = {
			isa = XCBuildConfiguration;
			buildSettings = {
				ALWAYS_EMBED_SWIFT_STANDARD_LIBRARIES = YES;
				BUNDLE_LOADER = "$(TEST_HOST)";
				CODE_SIGN_STYLE = Automatic;
				CURRENT_PROJECT_VERSION = 1;
				DEVELOPMENT_TEAM = 7735KM3KGX;
				GENERATE_INFOPLIST_FILE = YES;
				IPHONEOS_DEPLOYMENT_TARGET = 17.4;
				MACOSX_DEPLOYMENT_TARGET = 14.3;
				MARKETING_VERSION = 1.0;
				PRODUCT_BUNDLE_IDENTIFIER = eam.APITests;
				PRODUCT_NAME = "$(TARGET_NAME)";
				SDKROOT = auto;
				SUPPORTED_PLATFORMS = "iphoneos iphonesimulator macosx";
				SWIFT_EMIT_LOC_STRINGS = NO;
				SWIFT_VERSION = 5.0;
				TARGETED_DEVICE_FAMILY = "1,2";
				TEST_HOST = "$(BUILT_PRODUCTS_DIR)/API.app/$(BUNDLE_EXECUTABLE_FOLDER_PATH)/API";
			};
			name = Debug;
		};
		5BA9B7682BD1E5D700DC80A7 /* Release */ = {
			isa = XCBuildConfiguration;
			buildSettings = {
				ALWAYS_EMBED_SWIFT_STANDARD_LIBRARIES = YES;
				BUNDLE_LOADER = "$(TEST_HOST)";
				CODE_SIGN_STYLE = Automatic;
				CURRENT_PROJECT_VERSION = 1;
				DEVELOPMENT_TEAM = 7735KM3KGX;
				GENERATE_INFOPLIST_FILE = YES;
				IPHONEOS_DEPLOYMENT_TARGET = 17.4;
				MACOSX_DEPLOYMENT_TARGET = 14.3;
				MARKETING_VERSION = 1.0;
				PRODUCT_BUNDLE_IDENTIFIER = eam.APITests;
				PRODUCT_NAME = "$(TARGET_NAME)";
				SDKROOT = auto;
				SUPPORTED_PLATFORMS = "iphoneos iphonesimulator macosx";
				SWIFT_EMIT_LOC_STRINGS = NO;
				SWIFT_VERSION = 5.0;
				TARGETED_DEVICE_FAMILY = "1,2";
				TEST_HOST = "$(BUILT_PRODUCTS_DIR)/API.app/$(BUNDLE_EXECUTABLE_FOLDER_PATH)/API";
			};
			name = Release;
		};
		5BA9B76A2BD1E5D700DC80A7 /* Debug */ = {
			isa = XCBuildConfiguration;
			buildSettings = {
				ALWAYS_EMBED_SWIFT_STANDARD_LIBRARIES = YES;
				CODE_SIGN_STYLE = Automatic;
				CURRENT_PROJECT_VERSION = 1;
				DEVELOPMENT_TEAM = 7735KM3KGX;
				GENERATE_INFOPLIST_FILE = YES;
				IPHONEOS_DEPLOYMENT_TARGET = 17.4;
				MACOSX_DEPLOYMENT_TARGET = 14.3;
				MARKETING_VERSION = 1.0;
				PRODUCT_BUNDLE_IDENTIFIER = eam.APIUITests;
				PRODUCT_NAME = "$(TARGET_NAME)";
				SDKROOT = auto;
				SUPPORTED_PLATFORMS = "iphoneos iphonesimulator macosx";
				SWIFT_EMIT_LOC_STRINGS = NO;
				SWIFT_VERSION = 5.0;
				TARGETED_DEVICE_FAMILY = "1,2";
				TEST_TARGET_NAME = API;
			};
			name = Debug;
		};
		5BA9B76B2BD1E5D700DC80A7 /* Release */ = {
			isa = XCBuildConfiguration;
			buildSettings = {
				ALWAYS_EMBED_SWIFT_STANDARD_LIBRARIES = YES;
				CODE_SIGN_STYLE = Automatic;
				CURRENT_PROJECT_VERSION = 1;
				DEVELOPMENT_TEAM = 7735KM3KGX;
				GENERATE_INFOPLIST_FILE = YES;
				IPHONEOS_DEPLOYMENT_TARGET = 17.4;
				MACOSX_DEPLOYMENT_TARGET = 14.3;
				MARKETING_VERSION = 1.0;
				PRODUCT_BUNDLE_IDENTIFIER = eam.APIUITests;
				PRODUCT_NAME = "$(TARGET_NAME)";
				SDKROOT = auto;
				SUPPORTED_PLATFORMS = "iphoneos iphonesimulator macosx";
				SWIFT_EMIT_LOC_STRINGS = NO;
				SWIFT_VERSION = 5.0;
				TARGETED_DEVICE_FAMILY = "1,2";
				TEST_TARGET_NAME = API;
			};
			name = Release;
		};
/* End XCBuildConfiguration section */

/* Begin XCConfigurationList section */
		5BA9B7392BD1E5D500DC80A7 /* Build configuration list for PBXProject "API" */ = {
			isa = XCConfigurationList;
			buildConfigurations = (
				5BA9B7612BD1E5D700DC80A7 /* Debug */,
				5BA9B7622BD1E5D700DC80A7 /* Release */,
			);
			defaultConfigurationIsVisible = 0;
			defaultConfigurationName = Release;
		};
		5BA9B7632BD1E5D700DC80A7 /* Build configuration list for PBXNativeTarget "API" */ = {
			isa = XCConfigurationList;
			buildConfigurations = (
				5BA9B7642BD1E5D700DC80A7 /* Debug */,
				5BA9B7652BD1E5D700DC80A7 /* Release */,
			);
			defaultConfigurationIsVisible = 0;
			defaultConfigurationName = Release;
		};
		5BA9B7662BD1E5D700DC80A7 /* Build configuration list for PBXNativeTarget "APITests" */ = {
			isa = XCConfigurationList;
			buildConfigurations = (
				5BA9B7672BD1E5D700DC80A7 /* Debug */,
				5BA9B7682BD1E5D700DC80A7 /* Release */,
			);
			defaultConfigurationIsVisible = 0;
			defaultConfigurationName = Release;
		};
		5BA9B7692BD1E5D700DC80A7 /* Build configuration list for PBXNativeTarget "APIUITests" */ = {
			isa = XCConfigurationList;
			buildConfigurations = (
				5BA9B76A2BD1E5D700DC80A7 /* Debug */,
				5BA9B76B2BD1E5D700DC80A7 /* Release */,
			);
			defaultConfigurationIsVisible = 0;
			defaultConfigurationName = Release;
		};
/* End XCConfigurationList section */
	};
	rootObject = 5BA9B7362BD1E5D500DC80A7 /* Project object */;
}
